<?xml version="1.0" encoding="utf-8"?>
<Project ToolsVersion="4.0" xmlns="http://schemas.microsoft.com/developer/msbuild/2003">
  <ItemGroup>
    <Filter Include="Source Files">
      <UniqueIdentifier>{4FC737F1-C7A5-4376-A066-2A32D752A2FF}</UniqueIdentifier>
      <Extensions>cpp;c;cc;cxx;c++;cppm;ixx;def;odl;idl;hpj;bat;asm;asmx</Extensions>
    </Filter>
    <Filter Include="Header Files">
      <UniqueIdentifier>{93995380-89BD-4b04-88EB-625FBE52EBFB}</UniqueIdentifier>
      <Extensions>h;hh;hpp;hxx;h++;hm;inl;inc;ipp;xsd</Extensions>
    </Filter>
    <Filter Include="Resource Files">
      <UniqueIdentifier>{67DA6AB6-F800-4c08-8B7A-83BB121AAD01}</UniqueIdentifier>
      <Extensions>rc;ico;cur;bmp;dlg;rc2;rct;bin;rgs;gif;jpg;jpeg;jpe;resx;tiff;tif;png;wav;mfcribbon-ms</Extensions>
    </Filter>
    <Filter Include="Source Files\net">
      <UniqueIdentifier>{7bf31b4c-efaf-4c93-b2dc-fd4389ee644c}</UniqueIdentifier>
    </Filter>
    <Filter Include="Source Files\server">
      <UniqueIdentifier>{3e8c05e9-c387-43fc-98bc-3b217dd67082}</UniqueIdentifier>
    </Filter>
    <Filter Include="Source Files\game">
      <UniqueIdentifier>{41846924-ad51-41a2-8c7d-2a8d05697ed8}</UniqueIdentifier>
    </Filter>
    <Filter Include="Header Files\net">
      <UniqueIdentifier>{9e2eae86-c435-4784-8019-338d188385b7}</UniqueIdentifier>
    </Filter>
    <Filter Include="Header Files\game">
      <UniqueIdentifier>{796878ba-9733-4b04-8d97-64673043f9c9}</UniqueIdentifier>
    </Filter>
    <Filter Include="Header Files\server">
      <UniqueIdentifier>{9de01dd7-7779-49ef-8b83-3eaf7c652fd2}</UniqueIdentifier>
    </Filter>
    <Filter Include="Source Files\generated">
      <UniqueIdentifier>{31a4dde8-1aa9-4db3-9979-c01b8b645df9}</UniqueIdentifier>
    </Filter>
    <Filter Include="Header Files\generated">
      <UniqueIdentifier>{29bde04c-fcf3-4356-b3cc-3ec2b2153cbf}</UniqueIdentifier>
    </Filter>
  </ItemGroup>
  <ItemGroup>
    <ClCompile Include="game\MPQHelper.cpp">
      <Filter>Source Files\game</Filter>
    </ClCompile>
    <ClCompile Include="game\Misc.cpp">
      <Filter>Source Files\game</Filter>
    </ClCompile>
    <ClCompile Include="game\Offsets.cpp">
      <Filter>Source Files\game</Filter>
    </ClCompile>
    <ClCompile Include="net\bnethash.cpp">
      <Filter>Source Files\net</Filter>
    </ClCompile>
    <ClCompile Include="net\net_manager.cpp">
      <Filter>Source Files\net</Filter>
    </ClCompile>
    <ClCompile Include="server\main.cpp">
      <Filter>Source Files\server</Filter>
    </ClCompile>
    <ClCompile Include="server\d2server.cpp">
      <Filter>Source Files\server</Filter>
    </ClCompile>
    <ClCompile Include="net\d2cs_client.cpp">
      <Filter>Source Files\net</Filter>
    </ClCompile>
    <ClCompile Include="net\d2dbs_client.cpp">
      <Filter>Source Files\net</Filter>
    </ClCompile>
  </ItemGroup>
  <ItemGroup>
    <ClInclude Include="net\bn_types.h">
      <Filter>Header Files\net</Filter>
    </ClInclude>
    <ClInclude Include="net\bnethash.h">
      <Filter>Header Files\net</Filter>
    </ClInclude>
    <ClInclude Include="net\connection.h">
      <Filter>Header Files\net</Filter>
    </ClInclude>
    <ClInclude Include="game\D2MemPool.h">
      <Filter>Header Files\game</Filter>
    </ClInclude>
    <ClInclude Include="game\MPQHelper.h">
      <Filter>Header Files\game</Filter>
    </ClInclude>
    <ClInclude Include="server\colorcode.h">
      <Filter>Header Files\server</Filter>
    </ClInclude>
    <ClInclude Include="server\LegacyGSCallback.hpp">
      <Filter>Header Files\server</Filter>
    </ClInclude>
    <ClInclude Include="game\D2Constants.h">
      <Filter>Header Files\game</Filter>
    </ClInclude>
    <ClInclude Include="game\D2DataTables.h">
      <Filter>Header Files\game</Filter>
    </ClInclude>
    <ClInclude Include="game\D2Ptrs.h">
      <Filter>Header Files\game</Filter>
    </ClInclude>
    <ClInclude Include="game\D2Structs.h">
      <Filter>Header Files\game</Filter>
    </ClInclude>
    <ClInclude Include="game\Misc.h">
      <Filter>Header Files\game</Filter>
    </ClInclude>
    <ClInclude Include="game\Offsets.h">
      <Filter>Header Files\game</Filter>
    </ClInclude>
    <ClInclude Include="game\D2PacketDef.h">
      <Filter>Header Files\game</Filter>
    </ClInclude>
    <ClInclude Include="server\d2server_lib.h">
      <Filter>Header Files\server</Filter>
    </ClInclude>
    <ClInclude Include="net\d2cs_client.h">
      <Filter>Header Files\net</Filter>
    </ClInclude>
    <ClInclude Include="net\net_manager.h">
      <Filter>Header Files\net</Filter>
    </ClInclude>
    <ClInclude Include="net\d2xs_client.hpp">
      <Filter>Header Files\net</Filter>
    </ClInclude>
    <ClInclude Include="server\d2server.h">
      <Filter>Header Files\server</Filter>
    </ClInclude>
    <ClInclude Include="net\d2dbs_client.h">
      <Filter>Header Files\net</Filter>
    </ClInclude>
    <ClInclude Include="generated\d2cs_proto.hpp">
      <Filter>Header Files\generated</Filter>
    </ClInclude>
    <ClInclude Include="server\global.h">
      <Filter>Header Files\server</Filter>
    </ClInclude>
    <ClInclude Include="generated\d2dbs_proto.hpp">
      <Filter>Header Files\generated</Filter>
    </ClInclude>
  </ItemGroup>
</Project>